
Microsoft Visual Studio Solution File, Format Version 12.00
# Visual Studio Version 17
VisualStudioVersion = 17.8.34316.72
MinimumVisualStudioVersion = 10.0.40219.1
Project("{FAE04EC0-301F-11D3-BF4B-00C04F79EFBC}") = "Asistan-ceylin", "Asistan-ceylin\Asistan-ceylin.csproj", "{761024D8-DEFE-4AC2-8C3F-AEF70A47DE14}"
EndProject
Global
	GlobalSection(SolutionConfigurationPlatforms) = preSolution
		Debug|Any CPU = Debug|Any CPU
		Release|Any CPU = Release|Any CPU
	EndGlobalSection
	GlobalSection(ProjectConfigurationPlatforms) = postSolution
		{761024D8-DEFE-4AC2-8C3F-AEF70A47DE14}.Debug|Any CPU.ActiveCfg = Debug|Any CPU
		{761024D8-DEFE-4AC2-8C3F-AEF70A47DE14}.Debug|Any CPU.Build.0 = Debug|Any CPU
		{761024D8-DEFE-4AC2-8C3F-AEF70A47DE14}.Release|Any CPU.ActiveCfg = Release|Any CPU
		{761024D8-DEFE-4AC2-8C3F-AEF70A47DE14}.Release|Any CPU.Build.0 = Release|Any CPU
	EndGlobalSection
	GlobalSection(SolutionProperties) = preSolution
		HideSolutionNode = FALSE
	EndGlobalSection
	GlobalSection(ExtensibilityGlobals) = postSolution
		SolutionGuid = {FA0A5B66-427B-4B3B-95E5-83638E860E92}
	EndGlobalSection
EndGlobal
